
Microsoft Visual Studio Solution File, Format Version 12.00
# Visual Studio Version 16
VisualStudioVersion = 16.0.30503.244
MinimumVisualStudioVersion = 10.0.40219.1
Project("{FAE04EC0-301F-11D3-BF4B-00C04F79EFBC}") = "RechargingProject", "RechargingProject\RechargingProject.csproj", "{7B6F423A-67C1-4978-82A5-45DD61552829}"
EndProject
Global
	GlobalSection(SolutionConfigurationPlatforms) = preSolution
		Debug|Any CPU = Debug|Any CPU
		Release|Any CPU = Release|Any CPU
	EndGlobalSection
	GlobalSection(ProjectConfigurationPlatforms) = postSolution
		{7B6F423A-67C1-4978-82A5-45DD61552829}.Debug|Any CPU.ActiveCfg = Debug|Any CPU
		{7B6F423A-67C1-4978-82A5-45DD61552829}.Debug|Any CPU.Build.0 = Debug|Any CPU
		{7B6F423A-67C1-4978-82A5-45DD61552829}.Release|Any CPU.ActiveCfg = Release|Any CPU
		{7B6F423A-67C1-4978-82A5-45DD61552829}.Release|Any CPU.Build.0 = Release|Any CPU
	EndGlobalSection
	GlobalSection(SolutionProperties) = preSolution
		HideSolutionNode = FALSE
	EndGlobalSection
	GlobalSection(ExtensibilityGlobals) = postSolution
		SolutionGuid = {55563AA6-D863-42CC-8419-DB8A1C3DEFC8}
	EndGlobalSection
EndGlobal
